// !$*UTF8*$!
{
	archiveVersion = 1;
	classes = {
	};
	objectVersion = 46;
	objects = {

/* Begin PBXBuildFile section */
		9A1731C91DDD2FDE00261DE6 /* tapMellow.aif in Resources */ = {isa = PBXBuildFile; fileRef = 9A1731C81DDD2FDE00261DE6 /* tapMellow.aif */; };
		9A32FCF91DDC0D2A0010ECC6 /* AppDelegate.swift in Sources */ = {isa = PBXBuildFile; fileRef = 9A32FCF81DDC0D2A0010ECC6 /* AppDelegate.swift */; };
		9A32FCFB1DDC0D2A0010ECC6 /* ViewController.swift in Sources */ = {isa = PBXBuildFile; fileRef = 9A32FCFA1DDC0D2A0010ECC6 /* ViewController.swift */; };
		9A32FCFE1DDC0D2A0010ECC6 /* Main.storyboard in Resources */ = {isa = PBXBuildFile; fileRef = 9A32FCFC1DDC0D2A0010ECC6 /* Main.storyboard */; };
		9A32FD001DDC0D2A0010ECC6 /* Assets.xcassets in Resources */ = {isa = PBXBuildFile; fileRef = 9A32FCFF1DDC0D2A0010ECC6 /* Assets.xcassets */; };
		9A32FD031DDC0D2A0010ECC6 /* LaunchScreen.storyboard in Resources */ = {isa = PBXBuildFile; fileRef = 9A32FD011DDC0D2A0010ECC6 /* LaunchScreen.storyboard */; };
		9A8169EA1DDE472A009EBBC0 /* MaterialView.swift in Sources */ = {isa = PBXBuildFile; fileRef = 9A8169E91DDE472A009EBBC0 /* MaterialView.swift */; };
		9AF34B791DDE3EA300A7EF09 /* Operations.swift in Sources */ = {isa = PBXBuildFile; fileRef = 9AF34B781DDE3EA300A7EF09 /* Operations.swift */; };
/* End PBXBuildFile section */

/* Begin PBXFileReference section */
		9A1731C81DDD2FDE00261DE6 /* tapMellow.aif */ = {isa = PBXFileReference; lastKnownFileType = file; path = tapMellow.aif; sourceTree = "<group>"; };
		9A32FCF51DDC0D2A0010ECC6 /* calculator.app */ = {isa = PBXFileReference; explicitFileType = wrapper.application; includeInIndex = 0; path = calculator.app; sourceTree = BUILT_PRODUCTS_DIR; };
		9A32FCF81DDC0D2A0010ECC6 /* AppDelegate.swift */ = {isa = PBXFileReference; lastKnownFileType = sourcecode.swift; name = AppDelegate.swift; path = calculator/AppDelegate.swift; sourceTree = "<group>"; };
		9A32FCFA1DDC0D2A0010ECC6 /* ViewController.swift */ = {isa = PBXFileReference; lastKnownFileType = sourcecode.swift; path = ViewController.swift; sourceTree = "<group>"; };
		9A32FCFD1DDC0D2A0010ECC6 /* Base */ = {isa = PBXFileReference; lastKnownFileType = file.storyboard; name = Base; path = Base.lproj/Main.storyboard; sourceTree = "<group>"; };
		9A32FCFF1DDC0D2A0010ECC6 /* Assets.xcassets */ = {isa = PBXFileReference; lastKnownFileType = folder.assetcatalog; name = Assets.xcassets; path = calculator/Assets.xcassets; sourceTree = "<group>"; };
		9A32FD021DDC0D2A0010ECC6 /* Base */ = {isa = PBXFileReference; lastKnownFileType = file.storyboard; name = Base; path = Base.lproj/LaunchScreen.storyboard; sourceTree = "<group>"; };
		9A32FD041DDC0D2A0010ECC6 /* Info.plist */ = {isa = PBXFileReference; lastKnownFileType = text.plist.xml; path = Info.plist; sourceTree = "<group>"; };
		9A8169E91DDE472A009EBBC0 /* MaterialView.swift */ = {isa = PBXFileReference; fileEncoding = 4; lastKnownFileType = sourcecode.swift; path = MaterialView.swift; sourceTree = "<group>"; };
		9AF34B781DDE3EA300A7EF09 /* Operations.swift */ = {isa = PBXFileReference; fileEncoding = 4; lastKnownFileType = sourcecode.swift; path = Operations.swift; sourceTree = "<group>"; };
/* End PBXFileReference section */

/* Begin PBXFrameworksBuildPhase section */
		9A32FCF21DDC0D290010ECC6 /* Frameworks */ = {
			isa = PBXFrameworksBuildPhase;
			buildActionMask = 2147483647;
			files = (
			);
			runOnlyForDeploymentPostprocessing = 0;
		};
/* End PBXFrameworksBuildPhase section */

/* Begin PBXGroup section */
		9A0BFB0E1DDCE9E700B36BD9 /* Supporting Files */ = {
			isa = PBXGroup;
			children = (
				9A32FD041DDC0D2A0010ECC6 /* Info.plist */,
			);
			name = "Supporting Files";
			sourceTree = "<group>";
		};
		9A32FCEC1DDC0D290010ECC6 = {
			isa = PBXGroup;
			children = (
				9A32FCF71DDC0D2A0010ECC6 /* calculator */,
				9A32FCF81DDC0D2A0010ECC6 /* AppDelegate.swift */,
				9A32FCFF1DDC0D2A0010ECC6 /* Assets.xcassets */,
				9A32FCF61DDC0D2A0010ECC6 /* Products */,
			);
			sourceTree = "<group>";
		};
		9A32FCF61DDC0D2A0010ECC6 /* Products */ = {
			isa = PBXGroup;
			children = (
				9A32FCF51DDC0D2A0010ECC6 /* calculator.app */,
			);
			name = Products;
			sourceTree = "<group>";
		};
		9A32FCF71DDC0D2A0010ECC6 /* calculator */ = {
			isa = PBXGroup;
			children = (
				9A32FD011DDC0D2A0010ECC6 /* LaunchScreen.storyboard */,
				9A32FCFC1DDC0D2A0010ECC6 /* Main.storyboard */,
				9A4063941DDCC26A003CBB2E /* Model */,
				9A4063951DDCC27F003CBB2E /* View */,
				9A4063961DDCC288003CBB2E /* Controller */,
				9A8169EB1DDE4870009EBBC0 /* Resources */,
				9A0BFB0E1DDCE9E700B36BD9 /* Supporting Files */,
			);
			path = calculator;
			sourceTree = "<group>";
		};
		9A4063941DDCC26A003CBB2E /* Model */ = {
			isa = PBXGroup;
			children = (
				9AF34B781DDE3EA300A7EF09 /* Operations.swift */,
			);
			name = Model;
			sourceTree = "<group>";
		};
		9A4063951DDCC27F003CBB2E /* View */ = {
			isa = PBXGroup;
			children = (
				9A8169E91DDE472A009EBBC0 /* MaterialView.swift */,
			);
			name = View;
			sourceTree = "<group>";
		};
		9A4063961DDCC288003CBB2E /* Controller */ = {
			isa = PBXGroup;
			children = (
				9A32FCFA1DDC0D2A0010ECC6 /* ViewController.swift */,
			);
			name = Controller;
			sourceTree = "<group>";
		};
		9A8169EB1DDE4870009EBBC0 /* Resources */ = {
			isa = PBXGroup;
			children = (
				9A1731C81DDD2FDE00261DE6 /* tapMellow.aif */,
			);
			name = Resources;
			sourceTree = "<group>";
		};
/* End PBXGroup section */

/* Begin PBXNativeTarget section */
		9A32FCF41DDC0D290010ECC6 /* calculator */ = {
			isa = PBXNativeTarget;
			buildConfigurationList = 9A32FD071DDC0D2A0010ECC6 /* Build configuration list for PBXNativeTarget "calculator" */;
			buildPhases = (
				9A32FCF11DDC0D290010ECC6 /* Sources */,
				9A32FCF21DDC0D290010ECC6 /* Frameworks */,
				9A32FCF31DDC0D290010ECC6 /* Resources */,
			);
			buildRules = (
			);
			dependencies = (
			);
			name = calculator;
			productName = calculator;
			productReference = 9A32FCF51DDC0D2A0010ECC6 /* calculator.app */;
			productType = "com.apple.product-type.application";
		};
/* End PBXNativeTarget section */

/* Begin PBXProject section */
		9A32FCED1DDC0D290010ECC6 /* Project object */ = {
			isa = PBXProject;
			attributes = {
				LastSwiftUpdateCheck = 0810;
				LastUpgradeCheck = 0810;
				ORGANIZATIONNAME = "Edgar Gante";
				TargetAttributes = {
					9A32FCF41DDC0D290010ECC6 = {
						CreatedOnToolsVersion = 8.1;
						ProvisioningStyle = Automatic;
					};
				};
			};
			buildConfigurationList = 9A32FCF01DDC0D290010ECC6 /* Build configuration list for PBXProject "calculator" */;
			compatibilityVersion = "Xcode 3.2";
			developmentRegion = English;
			hasScannedForEncodings = 0;
			knownRegions = (
				en,
				Base,
			);
			mainGroup = 9A32FCEC1DDC0D290010ECC6;
			productRefGroup = 9A32FCF61DDC0D2A0010ECC6 /* Products */;
			projectDirPath = "";
			projectRoot = "";
			targets = (
				9A32FCF41DDC0D290010ECC6 /* calculator */,
			);
		};
/* End PBXProject section */

/* Begin PBXResourcesBuildPhase section */
		9A32FCF31DDC0D290010ECC6 /* Resources */ = {
			isa = PBXResourcesBuildPhase;
			buildActionMask = 2147483647;
			files = (
				9A32FD031DDC0D2A0010ECC6 /* LaunchScreen.storyboard in Resources */,
				9A32FD001DDC0D2A0010ECC6 /* Assets.xcassets in Resources */,
				9A32FCFE1DDC0D2A0010ECC6 /* Main.storyboard in Resources */,
				9A1731C91DDD2FDE00261DE6 /* tapMellow.aif in Resources */,
			);
			runOnlyForDeploymentPostprocessing = 0;
		};
/* End PBXResourcesBuildPhase section */

/* Begin PBXSourcesBuildPhase section */
		9A32FCF11DDC0D290010ECC6 /* Sources */ = {
			isa = PBXSourcesBuildPhase;
			buildActionMask = 2147483647;
			files = (
				9AF34B791DDE3EA300A7EF09 /* Operations.swift in Sources */,
				9A32FCFB1DDC0D2A0010ECC6 /* ViewController.swift in Sources */,
				9A8169EA1DDE472A009EBBC0 /* MaterialView.swift in Sources */,
				9A32FCF91DDC0D2A0010ECC6 /* AppDelegate.swift in Sources */,
			);
			runOnlyForDeploymentPostprocessing = 0;
		};
/* End PBXSourcesBuildPhase section */

/* Begin PBXVariantGroup section */
		9A32FCFC1DDC0D2A0010ECC6 /* Main.storyboard */ = {
			isa = PBXVariantGroup;
			children = (
				9A32FCFD1DDC0D2A0010ECC6 /* Base */,
			);
			name = Main.storyboard;
			sourceTree = "<group>";
		};
		9A32FD011DDC0D2A0010ECC6 /* LaunchScreen.storyboard */ = {
			isa = PBXVariantGroup;
			children = (
				9A32FD021DDC0D2A0010ECC6 /* Base */,
			);
			name = LaunchScreen.storyboard;
			sourceTree = "<group>";
		};
/* End PBXVariantGroup section */

/* Begin XCBuildConfiguration section */
		9A32FD051DDC0D2A0010ECC6 /* Debug */ = {
			isa = XCBuildConfiguration;
			buildSettings = {
				ALWAYS_SEARCH_USER_PATHS = NO;
				CLANG_ANALYZER_NONNULL = YES;
				CLANG_CXX_LANGUAGE_STANDARD = "gnu++0x";
				CLANG_CXX_LIBRARY = "libc++";
				CLANG_ENABLE_MODULES = YES;
				CLANG_ENABLE_OBJC_ARC = YES;
				CLANG_WARN_BOOL_CONVERSION = YES;
				CLANG_WARN_CONSTANT_CONVERSION = YES;
				CLANG_WARN_DIRECT_OBJC_ISA_USAGE = YES_ERROR;
				CLANG_WARN_DOCUMENTATION_COMMENTS = YES;
				CLANG_WARN_EMPTY_BODY = YES;
				CLANG_WARN_ENUM_CONVERSION = YES;
				CLANG_WARN_INFINITE_RECURSION = YES;
				CLANG_WARN_INT_CONVERSION = YES;
				CLANG_WARN_OBJC_ROOT_CLASS = YES_ERROR;
				CLANG_WARN_SUSPICIOUS_MOVES = YES;
				CLANG_WARN_UNREACHABLE_CODE = YES;
				CLANG_WARN__DUPLICATE_METHOD_MATCH = YES;
				"CODE_SIGN_IDENTITY[sdk=iphoneos*]" = "iPhone Developer";
				COPY_PHASE_STRIP = NO;
				DEBUG_INFORMATION_FORMAT = dwarf;
				ENABLE_STRICT_OBJC_MSGSEND = YES;
				ENABLE_TESTABILITY = YES;
				GCC_C_LANGUAGE_STANDARD = gnu99;
				GCC_DYNAMIC_NO_PIC = NO;
				GCC_NO_COMMON_BLOCKS = YES;
				GCC_OPTIMIZATION_LEVEL = 0;
				GCC_PREPROCESSOR_DEFINITIONS = (
					"DEBUG=1",
					"$(inherited)",
				);
				GCC_WARN_64_TO_32_BIT_CONVERSION = YES;
				GCC_WARN_ABOUT_RETURN_TYPE = YES_ERROR;
				GCC_WARN_UNDECLARED_SELECTOR = YES;
				GCC_WARN_UNINITIALIZED_AUTOS = YES_AGGRESSIVE;
				GCC_WARN_UNUSED_FUNCTION = YES;
				GCC_WARN_UNUSED_VARIABLE = YES;
				IPHONEOS_DEPLOYMENT_TARGET = 10.1;
				MTL_ENABLE_DEBUG_INFO = YES;
				ONLY_ACTIVE_ARCH = YES;
				SDKROOT = iphoneos;
				SWIFT_ACTIVE_COMPILATION_CONDITIONS = DEBUG;
				SWIFT_OPTIMIZATION_LEVEL = "-Onone";
			};
			name = Debug;
		};
		9A32FD061DDC0D2A0010ECC6 /* Release */ = {
			isa = XCBuildConfiguration;
			buildSettings = {
				ALWAYS_SEARCH_USER_PATHS = NO;
				CLANG_ANALYZER_NONNULL = YES;
				CLANG_CXX_LANGUAGE_STANDARD = "gnu++0x";
				CLANG_CXX_LIBRARY = "libc++";
				CLANG_ENABLE_MODULES = YES;
				CLANG_ENABLE_OBJC_ARC = YES;
				CLANG_WARN_BOOL_CONVERSION = YES;
				CLANG_WARN_CONSTANT_CONVERSION = YES;
				CLANG_WARN_DIRECT_OBJC_ISA_USAGE = YES_ERROR;
				CLANG_WARN_DOCUMENTATION_COMMENTS = YES;
				CLANG_WARN_EMPTY_BODY = YES;
				CLANG_WARN_ENUM_CONVERSION = YES;
				CLANG_WARN_INFINITE_RECURSION = YES;
				CLANG_WARN_INT_CONVERSION = YES;
				CLANG_WARN_OBJC_ROOT_CLASS = YES_ERROR;
				CLANG_WARN_SUSPICIOUS_MOVES = YES;
				CLANG_WARN_UNREACHABLE_CODE = YES;
				CLANG_WARN__DUPLICATE_METHOD_MATCH = YES;
				"CODE_SIGN_IDENTITY[sdk=iphoneos*]" = "iPhone Developer";
				COPY_PHASE_STRIP = NO;
				DEBUG_INFORMATION_FORMAT = "dwarf-with-dsym";
				ENABLE_NS_ASSERTIONS = NO;
				ENABLE_STRICT_OBJC_MSGSEND = YES;
				GCC_C_LANGUAGE_STANDARD = gnu99;
				GCC_NO_COMMON_BLOCKS = YES;
				GCC_WARN_64_TO_32_BIT_CONVERSION = YES;
				GCC_WARN_ABOUT_RETURN_TYPE = YES_ERROR;
				GCC_WARN_UNDECLARED_SELECTOR = YES;
				GCC_WARN_UNINITIALIZED_AUTOS = YES_AGGRESSIVE;
				GCC_WARN_UNUSED_FUNCTION = YES;
				GCC_WARN_UNUSED_VARIABLE = YES;
				IPHONEOS_DEPLOYMENT_TARGET = 10.1;
				MTL_ENABLE_DEBUG_INFO = NO;
				SDKROOT = iphoneos;
				SWIFT_OPTIMIZATION_LEVEL = "-Owholemodule";
				VALIDATE_PRODUCT = YES;
			};
			name = Release;
		};
		9A32FD081DDC0D2A0010ECC6 /* Debug */ = {
			isa = XCBuildConfiguration;
			buildSettings = {
				ASSETCATALOG_COMPILER_APPICON_NAME = AppIcon;
				DEVELOPMENT_TEAM = "";
				INFOPLIST_FILE = calculator/Info.plist;
				LD_RUNPATH_SEARCH_PATHS = "$(inherited) @executable_path/Frameworks";
				PRODUCT_BUNDLE_IDENTIFIER = com.edgargante.calculator;
				PRODUCT_NAME = "$(TARGET_NAME)";
				SWIFT_VERSION = 3.0;
				TARGETED_DEVICE_FAMILY = 1;
			};
			name = Debug;
		};
		9A32FD091DDC0D2A0010ECC6 /* Release */ = {
			isa = XCBuildConfiguration;
			buildSettings = {
				ASSETCATALOG_COMPILER_APPICON_NAME = AppIcon;
				DEVELOPMENT_TEAM = "";
				INFOPLIST_FILE = calculator/Info.plist;
				LD_RUNPATH_SEARCH_PATHS = "$(inherited) @executable_path/Frameworks";
				PRODUCT_BUNDLE_IDENTIFIER = com.edgargante.calculator;
				PRODUCT_NAME = "$(TARGET_NAME)";
				SWIFT_VERSION = 3.0;
				TARGETED_DEVICE_FAMILY = 1;
			};
			name = Release;
		};
/* End XCBuildConfiguration section */

/* Begin XCConfigurationList section */
		9A32FCF01DDC0D290010ECC6 /* Build configuration list for PBXProject "calculator" */ = {
			isa = XCConfigurationList;
			buildConfigurations = (
				9A32FD051DDC0D2A0010ECC6 /* Debug */,
				9A32FD061DDC0D2A0010ECC6 /* Release */,
			);
			defaultConfigurationIsVisible = 0;
			defaultConfigurationName = Release;
		};
		9A32FD071DDC0D2A0010ECC6 /* Build configuration list for PBXNativeTarget "calculator" */ = {
			isa = XCConfigurationList;
			buildConfigurations = (
				9A32FD081DDC0D2A0010ECC6 /* Debug */,
				9A32FD091DDC0D2A0010ECC6 /* Release */,
			);
			defaultConfigurationIsVisible = 0;
			defaultConfigurationName = Release;
		};
/* End XCConfigurationList section */
	};
	rootObject = 9A32FCED1DDC0D290010ECC6 /* Project object */;
}
